
Microsoft Visual Studio Solution File, Format Version 12.00
# Visual Studio Version 16
VisualStudioVersion = 16.0.30804.86
MinimumVisualStudioVersion = 10.0.40219.1
Project("{FAE04EC0-301F-11D3-BF4B-00C04F79EFBC}") = "adodemo1_kudvenkat", "adodemo1_kudvenkat.csproj", "{1C12F9EA-1703-4AFB-B20B-18FB5D9B963E}"
EndProject
Project("{FAE04EC0-301F-11D3-BF4B-00C04F79EFBC}") = "webformdemo", "..\webformdemo\webformdemo.csproj", "{C18F9CB1-92AE-4C0C-96B0-6747E86D599A}"
EndProject
Global
	GlobalSection(SolutionConfigurationPlatforms) = preSolution
		Debug|Any CPU = Debug|Any CPU
		Release|Any CPU = Release|Any CPU
	EndGlobalSection
	GlobalSection(ProjectConfigurationPlatforms) = postSolution
		{1C12F9EA-1703-4AFB-B20B-18FB5D9B963E}.Debug|Any CPU.ActiveCfg = Debug|Any CPU
		{1C12F9EA-1703-4AFB-B20B-18FB5D9B963E}.Debug|Any CPU.Build.0 = Debug|Any CPU
		{1C12F9EA-1703-4AFB-B20B-18FB5D9B963E}.Release|Any CPU.ActiveCfg = Release|Any CPU
		{1C12F9EA-1703-4AFB-B20B-18FB5D9B963E}.Release|Any CPU.Build.0 = Release|Any CPU
		{C18F9CB1-92AE-4C0C-96B0-6747E86D599A}.Debug|Any CPU.ActiveCfg = Debug|Any CPU
		{C18F9CB1-92AE-4C0C-96B0-6747E86D599A}.Debug|Any CPU.Build.0 = Debug|Any CPU
		{C18F9CB1-92AE-4C0C-96B0-6747E86D599A}.Release|Any CPU.ActiveCfg = Release|Any CPU
		{C18F9CB1-92AE-4C0C-96B0-6747E86D599A}.Release|Any CPU.Build.0 = Release|Any CPU
	EndGlobalSection
	GlobalSection(SolutionProperties) = preSolution
		HideSolutionNode = FALSE
	EndGlobalSection
	GlobalSection(ExtensibilityGlobals) = postSolution
		SolutionGuid = {EBCEBCB9-CBD2-41E4-800A-FE514C760F02}
	EndGlobalSection
EndGlobal
