
Microsoft Visual Studio Solution File, Format Version 12.00
# Visual Studio Version 16
VisualStudioVersion = 16.0.30804.86
MinimumVisualStudioVersion = 10.0.40219.1
Project("{FAE04EC0-301F-11D3-BF4B-00C04F79EFBC}") = "webformdemo", "webformdemo.csproj", "{C18F9CB1-92AE-4C0C-96B0-6747E86D599A}"
EndProject
Global
	GlobalSection(SolutionConfigurationPlatforms) = preSolution
		Debug|Any CPU = Debug|Any CPU
		Release|Any CPU = Release|Any CPU
	EndGlobalSection
	GlobalSection(ProjectConfigurationPlatforms) = postSolution
		{C18F9CB1-92AE-4C0C-96B0-6747E86D599A}.Debug|Any CPU.ActiveCfg = Debug|Any CPU
		{C18F9CB1-92AE-4C0C-96B0-6747E86D599A}.Debug|Any CPU.Build.0 = Debug|Any CPU
		{C18F9CB1-92AE-4C0C-96B0-6747E86D599A}.Release|Any CPU.ActiveCfg = Release|Any CPU
		{C18F9CB1-92AE-4C0C-96B0-6747E86D599A}.Release|Any CPU.Build.0 = Release|Any CPU
	EndGlobalSection
	GlobalSection(SolutionProperties) = preSolution
		HideSolutionNode = FALSE
	EndGlobalSection
	GlobalSection(ExtensibilityGlobals) = postSolution
		SolutionGuid = {3CA55C4E-9E54-4452-AA7D-B5F97B595D0D}
	EndGlobalSection
EndGlobal
